
Microsoft Visual Studio Solution File, Format Version 12.00
# Visual Studio Version 17
VisualStudioVersion = 17.3.32929.385
MinimumVisualStudioVersion = 10.0.40219.1
Project("{FAE04EC0-301F-11D3-BF4B-00C04F79EFBC}") = "ParkingManagementSystem.API", "ParkingManagementSystem\ParkingManagementSystem.API.csproj", "{68C0F550-257C-4546-BAF8-CACCB7F01790}"
EndProject
Project("{FAE04EC0-301F-11D3-BF4B-00C04F79EFBC}") = "ParkingManagementSystem.DAL", "ParkingManagementSystem.DAL\ParkingManagementSystem.DAL.csproj", "{37C1A414-4EDA-4B61-A8E8-4942F342FE92}"
EndProject
Project("{FAE04EC0-301F-11D3-BF4B-00C04F79EFBC}") = "ParkingManagementSystem.BL", "ParkingManagementSystem.BL\ParkingManagementSystem.BL.csproj", "{461B3137-557D-4905-824D-3A7739105C0B}"
EndProject
Project("{FAE04EC0-301F-11D3-BF4B-00C04F79EFBC}") = "ParkingManagementSystem.Test", "ParkingManagementSystem.Test\ParkingManagementSystem.Test.csproj", "{A77370A1-6428-4C83-B64B-DC882EC529B4}"
EndProject
Global
	GlobalSection(SolutionConfigurationPlatforms) = preSolution
		Debug|Any CPU = Debug|Any CPU
		Release|Any CPU = Release|Any CPU
	EndGlobalSection
	GlobalSection(ProjectConfigurationPlatforms) = postSolution
		{68C0F550-257C-4546-BAF8-CACCB7F01790}.Debug|Any CPU.ActiveCfg = Debug|Any CPU
		{68C0F550-257C-4546-BAF8-CACCB7F01790}.Debug|Any CPU.Build.0 = Debug|Any CPU
		{68C0F550-257C-4546-BAF8-CACCB7F01790}.Release|Any CPU.ActiveCfg = Release|Any CPU
		{68C0F550-257C-4546-BAF8-CACCB7F01790}.Release|Any CPU.Build.0 = Release|Any CPU
		{37C1A414-4EDA-4B61-A8E8-4942F342FE92}.Debug|Any CPU.ActiveCfg = Debug|Any CPU
		{37C1A414-4EDA-4B61-A8E8-4942F342FE92}.Debug|Any CPU.Build.0 = Debug|Any CPU
		{37C1A414-4EDA-4B61-A8E8-4942F342FE92}.Release|Any CPU.ActiveCfg = Release|Any CPU
		{37C1A414-4EDA-4B61-A8E8-4942F342FE92}.Release|Any CPU.Build.0 = Release|Any CPU
		{461B3137-557D-4905-824D-3A7739105C0B}.Debug|Any CPU.ActiveCfg = Debug|Any CPU
		{461B3137-557D-4905-824D-3A7739105C0B}.Debug|Any CPU.Build.0 = Debug|Any CPU
		{461B3137-557D-4905-824D-3A7739105C0B}.Release|Any CPU.ActiveCfg = Release|Any CPU
		{461B3137-557D-4905-824D-3A7739105C0B}.Release|Any CPU.Build.0 = Release|Any CPU
		{A77370A1-6428-4C83-B64B-DC882EC529B4}.Debug|Any CPU.ActiveCfg = Debug|Any CPU
		{A77370A1-6428-4C83-B64B-DC882EC529B4}.Debug|Any CPU.Build.0 = Debug|Any CPU
		{A77370A1-6428-4C83-B64B-DC882EC529B4}.Release|Any CPU.ActiveCfg = Release|Any CPU
		{A77370A1-6428-4C83-B64B-DC882EC529B4}.Release|Any CPU.Build.0 = Release|Any CPU
	EndGlobalSection
	GlobalSection(SolutionProperties) = preSolution
		HideSolutionNode = FALSE
	EndGlobalSection
	GlobalSection(ExtensibilityGlobals) = postSolution
		SolutionGuid = {4BDF23DA-AEE4-45C7-8422-96CDD8E6C5FE}
	EndGlobalSection
EndGlobal
